
Microsoft Visual Studio Solution File, Format Version 12.00
# Visual Studio 14
VisualStudioVersion = 14.0.25420.1
MinimumVisualStudioVersion = 10.0.40219.1
Project("{FAE04EC0-301F-11D3-BF4B-00C04F79EFBC}") = "JJoshiAssignment3", "JJoshiAssignment3\JJoshiAssignment3.csproj", "{DDFEE7E2-D070-44C1-868A-D13726FD8013}"
EndProject
Global
	GlobalSection(SolutionConfigurationPlatforms) = preSolution
		Debug|Any CPU = Debug|Any CPU
		Release|Any CPU = Release|Any CPU
	EndGlobalSection
	GlobalSection(ProjectConfigurationPlatforms) = postSolution
		{DDFEE7E2-D070-44C1-868A-D13726FD8013}.Debug|Any CPU.ActiveCfg = Debug|Any CPU
		{DDFEE7E2-D070-44C1-868A-D13726FD8013}.Debug|Any CPU.Build.0 = Debug|Any CPU
		{DDFEE7E2-D070-44C1-868A-D13726FD8013}.Release|Any CPU.ActiveCfg = Release|Any CPU
		{DDFEE7E2-D070-44C1-868A-D13726FD8013}.Release|Any CPU.Build.0 = Release|Any CPU
	EndGlobalSection
	GlobalSection(SolutionProperties) = preSolution
		HideSolutionNode = FALSE
	EndGlobalSection
EndGlobal
